
Microsoft Visual Studio Solution File, Format Version 12.00
# Visual Studio Version 17
VisualStudioVersion = 17.0.32126.317
MinimumVisualStudioVersion = 10.0.40219.1
Project("{FAE04EC0-301F-11D3-BF4B-00C04F79EFBC}") = "WebAPI", "WebAPI\WebAPI.csproj", "{D11A4904-C5F9-49D4-B1DE-6CE1296C7945}"
EndProject
Global
	GlobalSection(SolutionConfigurationPlatforms) = preSolution
		Debug|Any CPU = Debug|Any CPU
		Release|Any CPU = Release|Any CPU
	EndGlobalSection
	GlobalSection(ProjectConfigurationPlatforms) = postSolution
		{D11A4904-C5F9-49D4-B1DE-6CE1296C7945}.Debug|Any CPU.ActiveCfg = Debug|Any CPU
		{D11A4904-C5F9-49D4-B1DE-6CE1296C7945}.Debug|Any CPU.Build.0 = Debug|Any CPU
		{D11A4904-C5F9-49D4-B1DE-6CE1296C7945}.Release|Any CPU.ActiveCfg = Release|Any CPU
		{D11A4904-C5F9-49D4-B1DE-6CE1296C7945}.Release|Any CPU.Build.0 = Release|Any CPU
	EndGlobalSection
	GlobalSection(SolutionProperties) = preSolution
		HideSolutionNode = FALSE
	EndGlobalSection
	GlobalSection(ExtensibilityGlobals) = postSolution
		SolutionGuid = {461C0C35-CFB4-43E6-8395-FD2E0B44459A}
	EndGlobalSection
EndGlobal
